
Microsoft Visual Studio Solution File, Format Version 12.00
# Visual Studio Version 16
VisualStudioVersion = 16.0.30517.126
MinimumVisualStudioVersion = 10.0.40219.1
Project("{FAE04EC0-301F-11D3-BF4B-00C04F79EFBC}") = "OTIPChanger", "OTIPChanger\OTIPChanger.csproj", "{AD0DF8E0-D0EE-4CCA-B2F4-D7CE88EA5325}"
EndProject
Global
	GlobalSection(SolutionConfigurationPlatforms) = preSolution
		Debug|Any CPU = Debug|Any CPU
		Release|Any CPU = Release|Any CPU
	EndGlobalSection
	GlobalSection(ProjectConfigurationPlatforms) = postSolution
		{AD0DF8E0-D0EE-4CCA-B2F4-D7CE88EA5325}.Debug|Any CPU.ActiveCfg = Debug|Any CPU
		{AD0DF8E0-D0EE-4CCA-B2F4-D7CE88EA5325}.Debug|Any CPU.Build.0 = Debug|Any CPU
		{AD0DF8E0-D0EE-4CCA-B2F4-D7CE88EA5325}.Release|Any CPU.ActiveCfg = Release|Any CPU
		{AD0DF8E0-D0EE-4CCA-B2F4-D7CE88EA5325}.Release|Any CPU.Build.0 = Release|Any CPU
	EndGlobalSection
	GlobalSection(SolutionProperties) = preSolution
		HideSolutionNode = FALSE
	EndGlobalSection
	GlobalSection(ExtensibilityGlobals) = postSolution
		SolutionGuid = {AE575F01-F8E5-48F6-A797-BA78EF8EDA37}
	EndGlobalSection
EndGlobal
